
Microsoft Visual Studio Solution File, Format Version 12.00
# Visual Studio 15
VisualStudioVersion = 15.0.26124.0
MinimumVisualStudioVersion = 15.0.26124.0
Project("{FAE04EC0-301F-11D3-BF4B-00C04F79EFBC}") = "AsyncDemo", "AsyncDemo\AsyncDemo.csproj", "{EFA4EF49-4C41-4B31-B5AD-47D6A67CABA6}"
EndProject
Project("{FAE04EC0-301F-11D3-BF4B-00C04F79EFBC}") = "AsyncDemoTest", "AsyncDemoTest\AsyncDemoTest.csproj", "{E06FBFE6-368C-4C0A-9ECA-1AEBE93EFAB7}"
EndProject
Global
	GlobalSection(SolutionConfigurationPlatforms) = preSolution
		Debug|Any CPU = Debug|Any CPU
		Debug|x64 = Debug|x64
		Debug|x86 = Debug|x86
		Release|Any CPU = Release|Any CPU
		Release|x64 = Release|x64
		Release|x86 = Release|x86
	EndGlobalSection
	GlobalSection(SolutionProperties) = preSolution
		HideSolutionNode = FALSE
	EndGlobalSection
	GlobalSection(ProjectConfigurationPlatforms) = postSolution
		{EFA4EF49-4C41-4B31-B5AD-47D6A67CABA6}.Debug|Any CPU.ActiveCfg = Debug|Any CPU
		{EFA4EF49-4C41-4B31-B5AD-47D6A67CABA6}.Debug|Any CPU.Build.0 = Debug|Any CPU
		{EFA4EF49-4C41-4B31-B5AD-47D6A67CABA6}.Debug|x64.ActiveCfg = Debug|Any CPU
		{EFA4EF49-4C41-4B31-B5AD-47D6A67CABA6}.Debug|x64.Build.0 = Debug|Any CPU
		{EFA4EF49-4C41-4B31-B5AD-47D6A67CABA6}.Debug|x86.ActiveCfg = Debug|Any CPU
		{EFA4EF49-4C41-4B31-B5AD-47D6A67CABA6}.Debug|x86.Build.0 = Debug|Any CPU
		{EFA4EF49-4C41-4B31-B5AD-47D6A67CABA6}.Release|Any CPU.ActiveCfg = Release|Any CPU
		{EFA4EF49-4C41-4B31-B5AD-47D6A67CABA6}.Release|Any CPU.Build.0 = Release|Any CPU
		{EFA4EF49-4C41-4B31-B5AD-47D6A67CABA6}.Release|x64.ActiveCfg = Release|Any CPU
		{EFA4EF49-4C41-4B31-B5AD-47D6A67CABA6}.Release|x64.Build.0 = Release|Any CPU
		{EFA4EF49-4C41-4B31-B5AD-47D6A67CABA6}.Release|x86.ActiveCfg = Release|Any CPU
		{EFA4EF49-4C41-4B31-B5AD-47D6A67CABA6}.Release|x86.Build.0 = Release|Any CPU
		{E06FBFE6-368C-4C0A-9ECA-1AEBE93EFAB7}.Debug|Any CPU.ActiveCfg = Debug|Any CPU
		{E06FBFE6-368C-4C0A-9ECA-1AEBE93EFAB7}.Debug|Any CPU.Build.0 = Debug|Any CPU
		{E06FBFE6-368C-4C0A-9ECA-1AEBE93EFAB7}.Debug|x64.ActiveCfg = Debug|Any CPU
		{E06FBFE6-368C-4C0A-9ECA-1AEBE93EFAB7}.Debug|x64.Build.0 = Debug|Any CPU
		{E06FBFE6-368C-4C0A-9ECA-1AEBE93EFAB7}.Debug|x86.ActiveCfg = Debug|Any CPU
		{E06FBFE6-368C-4C0A-9ECA-1AEBE93EFAB7}.Debug|x86.Build.0 = Debug|Any CPU
		{E06FBFE6-368C-4C0A-9ECA-1AEBE93EFAB7}.Release|Any CPU.ActiveCfg = Release|Any CPU
		{E06FBFE6-368C-4C0A-9ECA-1AEBE93EFAB7}.Release|Any CPU.Build.0 = Release|Any CPU
		{E06FBFE6-368C-4C0A-9ECA-1AEBE93EFAB7}.Release|x64.ActiveCfg = Release|Any CPU
		{E06FBFE6-368C-4C0A-9ECA-1AEBE93EFAB7}.Release|x64.Build.0 = Release|Any CPU
		{E06FBFE6-368C-4C0A-9ECA-1AEBE93EFAB7}.Release|x86.ActiveCfg = Release|Any CPU
		{E06FBFE6-368C-4C0A-9ECA-1AEBE93EFAB7}.Release|x86.Build.0 = Release|Any CPU
	EndGlobalSection
EndGlobal
